
Microsoft Visual Studio Solution File, Format Version 11.00
# Visual Studio 2010
Project("{FAE04EC0-301F-11D3-BF4B-00C04F79EFBC}") = "Assembly-CSharp", "Assembly-CSharp.csproj", "{54ED7803-1837-D39A-606F-E3BB2E69BD99}"
EndProject
Project("{FAE04EC0-301F-11D3-BF4B-00C04F79EFBC}") = "Assembly-CSharp-Editor", "Assembly-CSharp-Editor.csproj", "{D366C9A7-2BE0-DB49-7272-3F8F7E3EB297}"
EndProject
Global
	GlobalSection(SolutionConfigurationPlatforms) = preSolution
		Debug|Any CPU = Debug|Any CPU
		Release|Any CPU = Release|Any CPU
	EndGlobalSection
	GlobalSection(ProjectConfigurationPlatforms) = postSolution
		{54ED7803-1837-D39A-606F-E3BB2E69BD99}.Debug|Any CPU.ActiveCfg = Debug|Any CPU
		{54ED7803-1837-D39A-606F-E3BB2E69BD99}.Debug|Any CPU.Build.0 = Debug|Any CPU
		{54ED7803-1837-D39A-606F-E3BB2E69BD99}.Release|Any CPU.ActiveCfg = Release|Any CPU
		{54ED7803-1837-D39A-606F-E3BB2E69BD99}.Release|Any CPU.Build.0 = Release|Any CPU
		{D366C9A7-2BE0-DB49-7272-3F8F7E3EB297}.Debug|Any CPU.ActiveCfg = Debug|Any CPU
		{D366C9A7-2BE0-DB49-7272-3F8F7E3EB297}.Debug|Any CPU.Build.0 = Debug|Any CPU
		{D366C9A7-2BE0-DB49-7272-3F8F7E3EB297}.Release|Any CPU.ActiveCfg = Release|Any CPU
		{D366C9A7-2BE0-DB49-7272-3F8F7E3EB297}.Release|Any CPU.Build.0 = Release|Any CPU
	EndGlobalSection
	GlobalSection(SolutionProperties) = preSolution
		HideSolutionNode = FALSE
	EndGlobalSection
EndGlobal
